
Microsoft Visual Studio Solution File, Format Version 12.00
# Visual Studio Version 17
VisualStudioVersion = 17.5.33516.290
MinimumVisualStudioVersion = 10.0.40219.1
Project("{FAE04EC0-301F-11D3-BF4B-00C04F79EFBC}") = "RoomExample_SslsS3389", "RoomExample\RoomExample_SslsS3389.csproj", "{35605364-81BC-40A3-89D3-825223CD831F}"
EndProject
Global
	GlobalSection(SolutionConfigurationPlatforms) = preSolution
		Debug|Any CPU = Debug|Any CPU
		Release|Any CPU = Release|Any CPU
	EndGlobalSection
	GlobalSection(ProjectConfigurationPlatforms) = postSolution
		{35605364-81BC-40A3-89D3-825223CD831F}.Debug|Any CPU.ActiveCfg = Debug|Any CPU
		{35605364-81BC-40A3-89D3-825223CD831F}.Debug|Any CPU.Build.0 = Debug|Any CPU
		{35605364-81BC-40A3-89D3-825223CD831F}.Release|Any CPU.ActiveCfg = Release|Any CPU
		{35605364-81BC-40A3-89D3-825223CD831F}.Release|Any CPU.Build.0 = Release|Any CPU
	EndGlobalSection
	GlobalSection(SolutionProperties) = preSolution
		HideSolutionNode = FALSE
	EndGlobalSection
	GlobalSection(ExtensibilityGlobals) = postSolution
		SolutionGuid = {8ACAFAF4-1D77-4E9A-B0EF-2F984EEBB780}
	EndGlobalSection
EndGlobal
